
Microsoft Visual Studio Solution File, Format Version 12.00
# Visual Studio Version 17
VisualStudioVersion = 17.11.35219.272
MinimumVisualStudioVersion = 10.0.40219.1
Project("{FAE04EC0-301F-11D3-BF4B-00C04F79EFBC}") = "P2-1 Price Quotation App", "P2-1 Price Quotation App\P2-1 Price Quotation App.csproj", "{F4FA1B11-9FE0-4775-B543-6596097A2DFC}"
EndProject
Global
	GlobalSection(SolutionConfigurationPlatforms) = preSolution
		Debug|Any CPU = Debug|Any CPU
		Release|Any CPU = Release|Any CPU
	EndGlobalSection
	GlobalSection(ProjectConfigurationPlatforms) = postSolution
		{F4FA1B11-9FE0-4775-B543-6596097A2DFC}.Debug|Any CPU.ActiveCfg = Debug|Any CPU
		{F4FA1B11-9FE0-4775-B543-6596097A2DFC}.Debug|Any CPU.Build.0 = Debug|Any CPU
		{F4FA1B11-9FE0-4775-B543-6596097A2DFC}.Release|Any CPU.ActiveCfg = Release|Any CPU
		{F4FA1B11-9FE0-4775-B543-6596097A2DFC}.Release|Any CPU.Build.0 = Release|Any CPU
	EndGlobalSection
	GlobalSection(SolutionProperties) = preSolution
		HideSolutionNode = FALSE
	EndGlobalSection
	GlobalSection(ExtensibilityGlobals) = postSolution
		SolutionGuid = {30A32CC4-12B2-435F-9FF2-963CA7FE4F50}
	EndGlobalSection
EndGlobal
