
Microsoft Visual Studio Solution File, Format Version 12.00
# Visual Studio Version 17
VisualStudioVersion = 17.11.35219.272
MinimumVisualStudioVersion = 10.0.40219.1
Project("{FAE04EC0-301F-11D3-BF4B-00C04F79EFBC}") = "ContactManager", "ContactManager\ContactManager.csproj", "{4BF0FE2A-E594-400C-AC22-93D301B064D2}"
EndProject
Global
	GlobalSection(SolutionConfigurationPlatforms) = preSolution
		Debug|Any CPU = Debug|Any CPU
		Release|Any CPU = Release|Any CPU
	EndGlobalSection
	GlobalSection(ProjectConfigurationPlatforms) = postSolution
		{4BF0FE2A-E594-400C-AC22-93D301B064D2}.Debug|Any CPU.ActiveCfg = Debug|Any CPU
		{4BF0FE2A-E594-400C-AC22-93D301B064D2}.Debug|Any CPU.Build.0 = Debug|Any CPU
		{4BF0FE2A-E594-400C-AC22-93D301B064D2}.Release|Any CPU.ActiveCfg = Release|Any CPU
		{4BF0FE2A-E594-400C-AC22-93D301B064D2}.Release|Any CPU.Build.0 = Release|Any CPU
	EndGlobalSection
	GlobalSection(SolutionProperties) = preSolution
		HideSolutionNode = FALSE
	EndGlobalSection
	GlobalSection(ExtensibilityGlobals) = postSolution
		SolutionGuid = {8271B589-AE5D-42F2-B488-711A1079810D}
	EndGlobalSection
EndGlobal
