
Microsoft Visual Studio Solution File, Format Version 12.00
# Visual Studio Version 17
VisualStudioVersion = 17.14.36705.20 d17.14
MinimumVisualStudioVersion = 10.0.40219.1
Project("{FAE04EC0-301F-11D3-BF4B-00C04F79EFBC}") = "SummitV2", "SummitV2\SummitV2.csproj", "{51DCBE53-94CE-480E-BD19-C876FCFCF37E}"
EndProject
Global
	GlobalSection(SolutionConfigurationPlatforms) = preSolution
		Debug|Any CPU = Debug|Any CPU
		Release|Any CPU = Release|Any CPU
	EndGlobalSection
	GlobalSection(ProjectConfigurationPlatforms) = postSolution
		{51DCBE53-94CE-480E-BD19-C876FCFCF37E}.Debug|Any CPU.ActiveCfg = Debug|Any CPU
		{51DCBE53-94CE-480E-BD19-C876FCFCF37E}.Debug|Any CPU.Build.0 = Debug|Any CPU
		{51DCBE53-94CE-480E-BD19-C876FCFCF37E}.Release|Any CPU.ActiveCfg = Release|Any CPU
		{51DCBE53-94CE-480E-BD19-C876FCFCF37E}.Release|Any CPU.Build.0 = Release|Any CPU
	EndGlobalSection
	GlobalSection(SolutionProperties) = preSolution
		HideSolutionNode = FALSE
	EndGlobalSection
	GlobalSection(ExtensibilityGlobals) = postSolution
		SolutionGuid = {C04C9D4D-1388-4DA4-B2ED-751382B59DCE}
	EndGlobalSection
EndGlobal
